{"1.2.0",
[{<<"cowlib">>,{pkg,<<"cowlib">>,<<"2.12.1">>},1},
 {<<"emqtt">>,
  {git,"https://github.com/emqx/emqtt",
       {ref,"c815a18f9be46a7cace5620ef42aec468fc47552"}},
  0},
 {<<"getopt">>,{pkg,<<"getopt">>,<<"1.0.2">>},1},
 {<<"gun">>,
  {git,"https://github.com/emqx/gun",
       {ref,"4faea40b9a8ca1eac5288355f8202e0cea379d50"}},
  1},
 {<<"jsx">>,{pkg,<<"jsx">>,<<"3.1.0">>},0},
 {<<"quicer">>,
  {git,"https://github.com/emqx/quic.git",
       {ref,"06ac82db54dd1cb9576ac55f8f9abfefb266d683"}},
  1},
 {<<"snabbkaffe">>,{pkg,<<"snabbkaffe">>,<<"1.0.9">>},2}]}.
[
{pkg_hash,[
 {<<"cowlib">>, <<"A9FA9A625F1D2025FE6B462CB865881329B5CAFF8F1854D1CBC9F9533F00E1E1">>},
 {<<"getopt">>, <<"33D9B44289FE7AD08627DDFE1D798E30B2DA0033B51DA1B3A2D64E72CD581D02">>},
 {<<"jsx">>, <<"D12516BAA0BB23A59BB35DCCAF02A1BD08243FCBB9EFE24F2D9D056CCFF71268">>},
 {<<"snabbkaffe">>, <<"A5027E088434C2CF045AC6983DC4F898DFEB317EC616D2BB2B7C82B81FEF71E4">>}]},
{pkg_hash_ext,[
 {<<"cowlib">>, <<"163B73F6367A7341B33C794C4E88E7DBFE6498AC42DCD69EF44C5BC5507C8DB0">>},
 {<<"getopt">>, <<"A0029AEA4322FB82A61F6876A6D9C66DC9878B6CB61FAA13DF3187384FD4EA26">>},
 {<<"jsx">>, <<"0C5CC8FDC11B53CC25CF65AC6705AD39E54ECC56D1C22E4ADB8F5A53FB9427F3">>},
 {<<"snabbkaffe">>, <<"4D46C39C15BF989DAFD990D0CBC14027BDD3CB72468A51FB76363997C1B42275">>}]}
].
